
Microsoft Visual Studio Solution File, Format Version 12.00
# Visual Studio Version 16
VisualStudioVersion = 16.0.29519.181
MinimumVisualStudioVersion = 10.0.40219.1
Project("{FAE04EC0-301F-11D3-BF4B-00C04F79EFBC}") = "Pepe_Semaforo_binario", "Pepe_Semaforo_binario\Pepe_Semaforo_binario.csproj", "{318DC2CD-DE7D-4A0C-87A1-601A87E33C55}"
EndProject
Global
	GlobalSection(SolutionConfigurationPlatforms) = preSolution
		Debug|Any CPU = Debug|Any CPU
		Release|Any CPU = Release|Any CPU
	EndGlobalSection
	GlobalSection(ProjectConfigurationPlatforms) = postSolution
		{318DC2CD-DE7D-4A0C-87A1-601A87E33C55}.Debug|Any CPU.ActiveCfg = Debug|Any CPU
		{318DC2CD-DE7D-4A0C-87A1-601A87E33C55}.Debug|Any CPU.Build.0 = Debug|Any CPU
		{318DC2CD-DE7D-4A0C-87A1-601A87E33C55}.Release|Any CPU.ActiveCfg = Release|Any CPU
		{318DC2CD-DE7D-4A0C-87A1-601A87E33C55}.Release|Any CPU.Build.0 = Release|Any CPU
	EndGlobalSection
	GlobalSection(SolutionProperties) = preSolution
		HideSolutionNode = FALSE
	EndGlobalSection
	GlobalSection(ExtensibilityGlobals) = postSolution
		SolutionGuid = {F7E3AD74-96F5-4687-B695-F7303B25CC54}
	EndGlobalSection
EndGlobal
